
Microsoft Visual Studio Solution File, Format Version 12.00
# Visual Studio Version 17
VisualStudioVersion = 17.10.34928.147
MinimumVisualStudioVersion = 10.0.40219.1
Project("{FAE04EC0-301F-11D3-BF4B-00C04F79EFBC}") = "Rate Limiter Use IP Address", "Rate Limiter Use IP Address\Rate Limiter Use IP Address.csproj", "{BD8CE591-818E-4268-8F52-B98A5C53906B}"
EndProject
Project("{FAE04EC0-301F-11D3-BF4B-00C04F79EFBC}") = "Web API Rate Limiting", "Web API Rate Limiting\Web API Rate Limiting.csproj", "{DBF477EA-93FF-4C0A-94DB-7A4D57A29269}"
EndProject
Global
	GlobalSection(SolutionConfigurationPlatforms) = preSolution
		Debug|Any CPU = Debug|Any CPU
		Release|Any CPU = Release|Any CPU
	EndGlobalSection
	GlobalSection(ProjectConfigurationPlatforms) = postSolution
		{BD8CE591-818E-4268-8F52-B98A5C53906B}.Debug|Any CPU.ActiveCfg = Debug|Any CPU
		{BD8CE591-818E-4268-8F52-B98A5C53906B}.Debug|Any CPU.Build.0 = Debug|Any CPU
		{BD8CE591-818E-4268-8F52-B98A5C53906B}.Release|Any CPU.ActiveCfg = Release|Any CPU
		{BD8CE591-818E-4268-8F52-B98A5C53906B}.Release|Any CPU.Build.0 = Release|Any CPU
		{DBF477EA-93FF-4C0A-94DB-7A4D57A29269}.Debug|Any CPU.ActiveCfg = Debug|Any CPU
		{DBF477EA-93FF-4C0A-94DB-7A4D57A29269}.Debug|Any CPU.Build.0 = Debug|Any CPU
		{DBF477EA-93FF-4C0A-94DB-7A4D57A29269}.Release|Any CPU.ActiveCfg = Release|Any CPU
		{DBF477EA-93FF-4C0A-94DB-7A4D57A29269}.Release|Any CPU.Build.0 = Release|Any CPU
	EndGlobalSection
	GlobalSection(SolutionProperties) = preSolution
		HideSolutionNode = FALSE
	EndGlobalSection
	GlobalSection(ExtensibilityGlobals) = postSolution
		SolutionGuid = {84CBAEA7-E96F-42D5-8D46-B7584D21B1B0}
	EndGlobalSection
EndGlobal
